
Microsoft Visual Studio Solution File, Format Version 12.00
# Visual Studio Version 17
VisualStudioVersion = 17.4.33213.308
MinimumVisualStudioVersion = 10.0.40219.1
Project("{FAE04EC0-301F-11D3-BF4B-00C04F79EFBC}") = "UseCase10", "UseCase10\UseCase10.csproj", "{11595B4C-E7EA-419F-9BC5-51151E213F99}"
EndProject
Project("{FAE04EC0-301F-11D3-BF4B-00C04F79EFBC}") = "UseCase10Tests", "UseCase10Tests\UseCase10Tests.csproj", "{339B556F-732C-4F89-9CF5-F44FCD690CB3}"
EndProject
Global
	GlobalSection(SolutionConfigurationPlatforms) = preSolution
		Debug|Any CPU = Debug|Any CPU
		Release|Any CPU = Release|Any CPU
	EndGlobalSection
	GlobalSection(ProjectConfigurationPlatforms) = postSolution
		{11595B4C-E7EA-419F-9BC5-51151E213F99}.Debug|Any CPU.ActiveCfg = Debug|Any CPU
		{11595B4C-E7EA-419F-9BC5-51151E213F99}.Debug|Any CPU.Build.0 = Debug|Any CPU
		{11595B4C-E7EA-419F-9BC5-51151E213F99}.Release|Any CPU.ActiveCfg = Release|Any CPU
		{11595B4C-E7EA-419F-9BC5-51151E213F99}.Release|Any CPU.Build.0 = Release|Any CPU
		{339B556F-732C-4F89-9CF5-F44FCD690CB3}.Debug|Any CPU.ActiveCfg = Debug|Any CPU
		{339B556F-732C-4F89-9CF5-F44FCD690CB3}.Debug|Any CPU.Build.0 = Debug|Any CPU
		{339B556F-732C-4F89-9CF5-F44FCD690CB3}.Release|Any CPU.ActiveCfg = Release|Any CPU
		{339B556F-732C-4F89-9CF5-F44FCD690CB3}.Release|Any CPU.Build.0 = Release|Any CPU
	EndGlobalSection
	GlobalSection(SolutionProperties) = preSolution
		HideSolutionNode = FALSE
	EndGlobalSection
	GlobalSection(ExtensibilityGlobals) = postSolution
		SolutionGuid = {B5CB1176-16F1-458F-B763-C6305CF80BC9}
	EndGlobalSection
EndGlobal
